
Microsoft Visual Studio Solution File, Format Version 12.00
# Visual Studio Version 17
VisualStudioVersion = 17.11.35219.272
MinimumVisualStudioVersion = 10.0.40219.1
Project("{FAE04EC0-301F-11D3-BF4B-00C04F79EFBC}") = "Spirala", "Spirala.csproj", "{4425C1C7-6C22-4C95-AE4D-DC0DFDD2976D}"
EndProject
Global
	GlobalSection(SolutionConfigurationPlatforms) = preSolution
		Debug|Any CPU = Debug|Any CPU
		Release|Any CPU = Release|Any CPU
	EndGlobalSection
	GlobalSection(ProjectConfigurationPlatforms) = postSolution
		{4425C1C7-6C22-4C95-AE4D-DC0DFDD2976D}.Debug|Any CPU.ActiveCfg = Debug|Any CPU
		{4425C1C7-6C22-4C95-AE4D-DC0DFDD2976D}.Debug|Any CPU.Build.0 = Debug|Any CPU
		{4425C1C7-6C22-4C95-AE4D-DC0DFDD2976D}.Release|Any CPU.ActiveCfg = Release|Any CPU
		{4425C1C7-6C22-4C95-AE4D-DC0DFDD2976D}.Release|Any CPU.Build.0 = Release|Any CPU
	EndGlobalSection
	GlobalSection(SolutionProperties) = preSolution
		HideSolutionNode = FALSE
	EndGlobalSection
	GlobalSection(ExtensibilityGlobals) = postSolution
		SolutionGuid = {B9EC3FD5-E5DD-4E35-A999-E05E530E8C21}
	EndGlobalSection
EndGlobal
